
Microsoft Visual Studio Solution File, Format Version 12.00
# Visual Studio 14
VisualStudioVersion = 14.0.25420.1
MinimumVisualStudioVersion = 10.0.40219.1
Project("{FAE04EC0-301F-11D3-BF4B-00C04F79EFBC}") = "DddRestaurant", "DddRestaurant\DddRestaurant.csproj", "{B99310CB-3C80-401A-8AFC-9B420B140597}"
EndProject
Project("{FAE04EC0-301F-11D3-BF4B-00C04F79EFBC}") = "DddRestaurantTests", "DddRestaurantTests\DddRestaurantTests.csproj", "{A281D255-D17C-4C2A-B933-D2D47F11CBC5}"
EndProject
Global
	GlobalSection(SolutionConfigurationPlatforms) = preSolution
		Debug|Any CPU = Debug|Any CPU
		Release|Any CPU = Release|Any CPU
	EndGlobalSection
	GlobalSection(ProjectConfigurationPlatforms) = postSolution
		{B99310CB-3C80-401A-8AFC-9B420B140597}.Debug|Any CPU.ActiveCfg = Debug|Any CPU
		{B99310CB-3C80-401A-8AFC-9B420B140597}.Debug|Any CPU.Build.0 = Debug|Any CPU
		{B99310CB-3C80-401A-8AFC-9B420B140597}.Release|Any CPU.ActiveCfg = Release|Any CPU
		{B99310CB-3C80-401A-8AFC-9B420B140597}.Release|Any CPU.Build.0 = Release|Any CPU
		{A281D255-D17C-4C2A-B933-D2D47F11CBC5}.Debug|Any CPU.ActiveCfg = Debug|Any CPU
		{A281D255-D17C-4C2A-B933-D2D47F11CBC5}.Debug|Any CPU.Build.0 = Debug|Any CPU
		{A281D255-D17C-4C2A-B933-D2D47F11CBC5}.Release|Any CPU.ActiveCfg = Release|Any CPU
		{A281D255-D17C-4C2A-B933-D2D47F11CBC5}.Release|Any CPU.Build.0 = Release|Any CPU
	EndGlobalSection
	GlobalSection(SolutionProperties) = preSolution
		HideSolutionNode = FALSE
	EndGlobalSection
EndGlobal
